
Microsoft Visual Studio Solution File, Format Version 12.00
# Visual Studio Version 16
VisualStudioVersion = 16.0.30204.135
MinimumVisualStudioVersion = 10.0.40219.1
Project("{00D1A9C2-B5F0-4AF3-8072-F6C62B433612}") = "MWFDataTools", "MWFDataTools\MWFDataTools.sqlproj", "{E27FB316-13FF-45A4-A758-48F7C03010CC}"
EndProject
Project("{9A19103F-16F7-4668-BE54-9A1E7A4F7556}") = "MWFModelsLibrary", "..\MultiplayerWebFramework\MWFModelsLibrary\MWFModelsLibrary.csproj", "{7BD194A9-2D02-4542-BCE6-EAF2642901E6}"
EndProject
Project("{9A19103F-16F7-4668-BE54-9A1E7A4F7556}") = "MWFDataLibrary", "MWFDataLibrary\MWFDataLibrary.csproj", "{F0945E97-FE12-48B0-93BC-D7161A04C740}"
EndProject
Project("{9A19103F-16F7-4668-BE54-9A1E7A4F7556}") = "MWFDatabaseServicesAPI", "MWFDatabaseServicesAPI\MWFDatabaseServicesAPI.csproj", "{187B2DAF-7808-479E-9512-99D26F186ED0}"
EndProject
Global
	GlobalSection(SolutionConfigurationPlatforms) = preSolution
		Debug|Any CPU = Debug|Any CPU
		Release|Any CPU = Release|Any CPU
	EndGlobalSection
	GlobalSection(ProjectConfigurationPlatforms) = postSolution
		{E27FB316-13FF-45A4-A758-48F7C03010CC}.Debug|Any CPU.ActiveCfg = Debug|Any CPU
		{E27FB316-13FF-45A4-A758-48F7C03010CC}.Debug|Any CPU.Build.0 = Debug|Any CPU
		{E27FB316-13FF-45A4-A758-48F7C03010CC}.Debug|Any CPU.Deploy.0 = Debug|Any CPU
		{E27FB316-13FF-45A4-A758-48F7C03010CC}.Release|Any CPU.ActiveCfg = Release|Any CPU
		{E27FB316-13FF-45A4-A758-48F7C03010CC}.Release|Any CPU.Build.0 = Release|Any CPU
		{E27FB316-13FF-45A4-A758-48F7C03010CC}.Release|Any CPU.Deploy.0 = Release|Any CPU
		{7BD194A9-2D02-4542-BCE6-EAF2642901E6}.Debug|Any CPU.ActiveCfg = Debug|Any CPU
		{7BD194A9-2D02-4542-BCE6-EAF2642901E6}.Debug|Any CPU.Build.0 = Debug|Any CPU
		{7BD194A9-2D02-4542-BCE6-EAF2642901E6}.Release|Any CPU.ActiveCfg = Release|Any CPU
		{7BD194A9-2D02-4542-BCE6-EAF2642901E6}.Release|Any CPU.Build.0 = Release|Any CPU
		{F0945E97-FE12-48B0-93BC-D7161A04C740}.Debug|Any CPU.ActiveCfg = Debug|Any CPU
		{F0945E97-FE12-48B0-93BC-D7161A04C740}.Debug|Any CPU.Build.0 = Debug|Any CPU
		{F0945E97-FE12-48B0-93BC-D7161A04C740}.Release|Any CPU.ActiveCfg = Release|Any CPU
		{F0945E97-FE12-48B0-93BC-D7161A04C740}.Release|Any CPU.Build.0 = Release|Any CPU
		{187B2DAF-7808-479E-9512-99D26F186ED0}.Debug|Any CPU.ActiveCfg = Debug|Any CPU
		{187B2DAF-7808-479E-9512-99D26F186ED0}.Debug|Any CPU.Build.0 = Debug|Any CPU
		{187B2DAF-7808-479E-9512-99D26F186ED0}.Release|Any CPU.ActiveCfg = Release|Any CPU
		{187B2DAF-7808-479E-9512-99D26F186ED0}.Release|Any CPU.Build.0 = Release|Any CPU
	EndGlobalSection
	GlobalSection(SolutionProperties) = preSolution
		HideSolutionNode = FALSE
	EndGlobalSection
	GlobalSection(ExtensibilityGlobals) = postSolution
		SolutionGuid = {B80447FA-3FE0-4629-A84C-A4A6D71DC871}
	EndGlobalSection
EndGlobal
